
Microsoft Visual Studio Solution File, Format Version 12.00
# Visual Studio Version 17
VisualStudioVersion = 17.0.32126.317
MinimumVisualStudioVersion = 10.0.40219.1
Project("{2150E333-8FDC-42A3-9474-1A3956D46DE8}") = "src", "src", "{5C01A5C7-695D-4766-9B77-8E1DBCA19842}"
EndProject
Project("{2150E333-8FDC-42A3-9474-1A3956D46DE8}") = "tests", "tests", "{D6AE48B2-E42F-4953-914F-7579ACE42FB2}"
EndProject
Project("{FAE04EC0-301F-11D3-BF4B-00C04F79EFBC}") = "Itstep.Delivery.GlobalDictionary.Api", "src\Itstep.Delivery.GlobalDictionary.Api\Itstep.Delivery.GlobalDictionary.Api.csproj", "{3272E820-33E6-4479-AB4C-4739C7C6AADB}"
EndProject
Global
	GlobalSection(SolutionConfigurationPlatforms) = preSolution
		Debug|Any CPU = Debug|Any CPU
		Release|Any CPU = Release|Any CPU
	EndGlobalSection
	GlobalSection(ProjectConfigurationPlatforms) = postSolution
		{3272E820-33E6-4479-AB4C-4739C7C6AADB}.Debug|Any CPU.ActiveCfg = Debug|Any CPU
		{3272E820-33E6-4479-AB4C-4739C7C6AADB}.Debug|Any CPU.Build.0 = Debug|Any CPU
		{3272E820-33E6-4479-AB4C-4739C7C6AADB}.Release|Any CPU.ActiveCfg = Release|Any CPU
		{3272E820-33E6-4479-AB4C-4739C7C6AADB}.Release|Any CPU.Build.0 = Release|Any CPU
	EndGlobalSection
	GlobalSection(SolutionProperties) = preSolution
		HideSolutionNode = FALSE
	EndGlobalSection
	GlobalSection(NestedProjects) = preSolution
		{3272E820-33E6-4479-AB4C-4739C7C6AADB} = {5C01A5C7-695D-4766-9B77-8E1DBCA19842}
	EndGlobalSection
	GlobalSection(ExtensibilityGlobals) = postSolution
		SolutionGuid = {992E34E1-FAF0-4E8F-81F4-D9E7962A66C5}
	EndGlobalSection
EndGlobal
